
Microsoft Visual Studio Solution File, Format Version 12.00
# Visual Studio Version 17
VisualStudioVersion = 17.8.34330.188
MinimumVisualStudioVersion = 10.0.40219.1
Project("{FAE04EC0-301F-11D3-BF4B-00C04F79EFBC}") = "Dtonic.Json", "Dtonic.Json\Dtonic.Json.csproj", "{5B0F2D95-EE81-4BF7-A016-D9987D2DBC88}"
EndProject
Project("{FAE04EC0-301F-11D3-BF4B-00C04F79EFBC}") = "Dtonic.Json.Example.Web", "Dtonic.Json.Example.Web\Dtonic.Json.Example.Web.csproj", "{874433E6-2609-4575-9EB8-2898AD49CE0D}"
EndProject
Global
	GlobalSection(SolutionConfigurationPlatforms) = preSolution
		Debug|Any CPU = Debug|Any CPU
		Release|Any CPU = Release|Any CPU
	EndGlobalSection
	GlobalSection(ProjectConfigurationPlatforms) = postSolution
		{5B0F2D95-EE81-4BF7-A016-D9987D2DBC88}.Debug|Any CPU.ActiveCfg = Debug|Any CPU
		{5B0F2D95-EE81-4BF7-A016-D9987D2DBC88}.Debug|Any CPU.Build.0 = Debug|Any CPU
		{5B0F2D95-EE81-4BF7-A016-D9987D2DBC88}.Release|Any CPU.ActiveCfg = Release|Any CPU
		{5B0F2D95-EE81-4BF7-A016-D9987D2DBC88}.Release|Any CPU.Build.0 = Release|Any CPU
		{874433E6-2609-4575-9EB8-2898AD49CE0D}.Debug|Any CPU.ActiveCfg = Debug|Any CPU
		{874433E6-2609-4575-9EB8-2898AD49CE0D}.Debug|Any CPU.Build.0 = Debug|Any CPU
		{874433E6-2609-4575-9EB8-2898AD49CE0D}.Release|Any CPU.ActiveCfg = Release|Any CPU
		{874433E6-2609-4575-9EB8-2898AD49CE0D}.Release|Any CPU.Build.0 = Release|Any CPU
	EndGlobalSection
	GlobalSection(SolutionProperties) = preSolution
		HideSolutionNode = FALSE
	EndGlobalSection
	GlobalSection(ExtensibilityGlobals) = postSolution
		SolutionGuid = {BE0354B4-8DC7-43AE-B005-1A383B769A22}
	EndGlobalSection
EndGlobal
